// !$*UTF8*$!
{
	archiveVersion = 1;
	classes = {
	};
	objectVersion = 52;
	objects = {

/* Begin PBXBuildFile section */
		1463374625F20EF3004E85DE /* RecordButtonView.swift in Sources */ = {isa = PBXBuildFile; fileRef = 1463374525F20EF3004E85DE /* RecordButtonView.swift */; };
		1463374725F20EF3004E85DE /* RecordButtonView.swift in Sources */ = {isa = PBXBuildFile; fileRef = 1463374525F20EF3004E85DE /* RecordButtonView.swift */; };
		1463374B25F21330004E85DE /* TestView.swift in Sources */ = {isa = PBXBuildFile; fileRef = 1463374A25F21330004E85DE /* TestView.swift */; };
		1463374C25F21330004E85DE /* TestView.swift in Sources */ = {isa = PBXBuildFile; fileRef = 1463374A25F21330004E85DE /* TestView.swift */; };
		146E580F25F38C9F002EE912 /* ParameterSlider.swift in Sources */ = {isa = PBXBuildFile; fileRef = 146E580E25F38C9F002EE912 /* ParameterSlider.swift */; };
		146E581025F38C9F002EE912 /* ParameterSlider.swift in Sources */ = {isa = PBXBuildFile; fileRef = 146E580E25F38C9F002EE912 /* ParameterSlider.swift */; };
		146E581525F38CF8002EE912 /* Sliders in Frameworks */ = {isa = PBXBuildFile; productRef = 146E581425F38CF8002EE912 /* Sliders */; };
		146E582025F38E2D002EE912 /* KorgLowPassFilterView.swift in Sources */ = {isa = PBXBuildFile; fileRef = 146E581F25F38E2D002EE912 /* KorgLowPassFilterView.swift */; };
		146E582125F38E2D002EE912 /* KorgLowPassFilterView.swift in Sources */ = {isa = PBXBuildFile; fileRef = 146E581F25F38E2D002EE912 /* KorgLowPassFilterView.swift */; };
		146E582525F3EB82002EE912 /* FXData.swift in Sources */ = {isa = PBXBuildFile; fileRef = 146E582425F3EB81002EE912 /* FXData.swift */; };
		146E582625F3EB82002EE912 /* FXData.swift in Sources */ = {isa = PBXBuildFile; fileRef = 146E582425F3EB81002EE912 /* FXData.swift */; };
		146E582A25F3ECB9002EE912 /* VariableDelayView.swift in Sources */ = {isa = PBXBuildFile; fileRef = 146E582925F3ECB9002EE912 /* VariableDelayView.swift */; };
		146E582B25F3ECB9002EE912 /* VariableDelayView.swift in Sources */ = {isa = PBXBuildFile; fileRef = 146E582925F3ECB9002EE912 /* VariableDelayView.swift */; };
		149D699525F0C4EB0034D30C /* Euclidean_SequencerApp.swift in Sources */ = {isa = PBXBuildFile; fileRef = 149D698225F0C4EA0034D30C /* Euclidean_SequencerApp.swift */; };
		149D699625F0C4EB0034D30C /* Euclidean_SequencerApp.swift in Sources */ = {isa = PBXBuildFile; fileRef = 149D698225F0C4EA0034D30C /* Euclidean_SequencerApp.swift */; };
		149D699725F0C4EB0034D30C /* ContentView.swift in Sources */ = {isa = PBXBuildFile; fileRef = 149D698325F0C4EA0034D30C /* ContentView.swift */; };
		149D699825F0C4EB0034D30C /* ContentView.swift in Sources */ = {isa = PBXBuildFile; fileRef = 149D698325F0C4EA0034D30C /* ContentView.swift */; };
		149D699925F0C4EB0034D30C /* Assets.xcassets in Resources */ = {isa = PBXBuildFile; fileRef = 149D698425F0C4EB0034D30C /* Assets.xcassets */; };
		149D699A25F0C4EB0034D30C /* Assets.xcassets in Resources */ = {isa = PBXBuildFile; fileRef = 149D698425F0C4EB0034D30C /* Assets.xcassets */; };
		149D69A725F0C6120034D30C /* AudioKit in Frameworks */ = {isa = PBXBuildFile; productRef = 149D69A625F0C6120034D30C /* AudioKit */; };
		149D69B025F0C73D0034D30C /* SequencerData.swift in Sources */ = {isa = PBXBuildFile; fileRef = 149D69AF25F0C73D0034D30C /* SequencerData.swift */; };
		149D69B125F0C73D0034D30C /* SequencerData.swift in Sources */ = {isa = PBXBuildFile; fileRef = 149D69AF25F0C73D0034D30C /* SequencerData.swift */; };
		149D69B525F0C8160034D30C /* SequencerConductor.swift in Sources */ = {isa = PBXBuildFile; fileRef = 149D69B425F0C8160034D30C /* SequencerConductor.swift */; };
		149D69B625F0C8160034D30C /* SequencerConductor.swift in Sources */ = {isa = PBXBuildFile; fileRef = 149D69B425F0C8160034D30C /* SequencerConductor.swift */; };
		149D69C325F0E6040034D30C /* Sample.swift in Sources */ = {isa = PBXBuildFile; fileRef = 149D69C225F0E6040034D30C /* Sample.swift */; };
		149D69C425F0E6040034D30C /* Sample.swift in Sources */ = {isa = PBXBuildFile; fileRef = 149D69C225F0E6040034D30C /* Sample.swift */; };
		149D69C825F0EECD0034D30C /* MetronomeView.swift in Sources */ = {isa = PBXBuildFile; fileRef = 149D69C725F0EECD0034D30C /* MetronomeView.swift */; };
		149D69C925F0EECD0034D30C /* MetronomeView.swift in Sources */ = {isa = PBXBuildFile; fileRef = 149D69C725F0EECD0034D30C /* MetronomeView.swift */; };
		149D69CD25F0EF5E0034D30C /* PlayButtonView.swift in Sources */ = {isa = PBXBuildFile; fileRef = 149D69CC25F0EF5E0034D30C /* PlayButtonView.swift */; };
		149D69CE25F0EF5E0034D30C /* PlayButtonView.swift in Sources */ = {isa = PBXBuildFile; fileRef = 149D69CC25F0EF5E0034D30C /* PlayButtonView.swift */; };
		149D69E025F0F2220034D30C /* SequencerView.swift in Sources */ = {isa = PBXBuildFile; fileRef = 149D69DF25F0F2220034D30C /* SequencerView.swift */; };
		149D69E125F0F2220034D30C /* SequencerView.swift in Sources */ = {isa = PBXBuildFile; fileRef = 149D69DF25F0F2220034D30C /* SequencerView.swift */; };
		149D69E525F0F23B0034D30C /* MainView.swift in Sources */ = {isa = PBXBuildFile; fileRef = 149D69E425F0F23B0034D30C /* MainView.swift */; };
		149D69E625F0F23B0034D30C /* MainView.swift in Sources */ = {isa = PBXBuildFile; fileRef = 149D69E425F0F23B0034D30C /* MainView.swift */; };
		149D69EA25F0F88B0034D30C /* Samples in Resources */ = {isa = PBXBuildFile; fileRef = 149D69E925F0F88B0034D30C /* Samples */; };
		149D69EB25F0F88B0034D30C /* Samples in Resources */ = {isa = PBXBuildFile; fileRef = 149D69E925F0F88B0034D30C /* Samples */; };
		149D69F125F1028C0034D30C /* PadsView.swift in Sources */ = {isa = PBXBuildFile; fileRef = 149D69F025F1028C0034D30C /* PadsView.swift */; };
		149D69F225F1028C0034D30C /* PadsView.swift in Sources */ = {isa = PBXBuildFile; fileRef = 149D69F025F1028C0034D30C /* PadsView.swift */; };
		14B17EB525F6A2E90095CAAA /* CostelloReverbView.swift in Sources */ = {isa = PBXBuildFile; fileRef = 14B17EB425F6A2E90095CAAA /* CostelloReverbView.swift */; };
		14B17EB625F6A2E90095CAAA /* CostelloReverbView.swift in Sources */ = {isa = PBXBuildFile; fileRef = 14B17EB425F6A2E90095CAAA /* CostelloReverbView.swift */; };
		14B17EBA25F6AA0D0095CAAA /* ClipperView.swift in Sources */ = {isa = PBXBuildFile; fileRef = 14B17EB925F6AA0D0095CAAA /* ClipperView.swift */; };
		14B17EBB25F6AA0D0095CAAA /* ClipperView.swift in Sources */ = {isa = PBXBuildFile; fileRef = 14B17EB925F6AA0D0095CAAA /* ClipperView.swift */; };
		14ED653425F19EBA00F24102 /* MuteButtonView.swift in Sources */ = {isa = PBXBuildFile; fileRef = 14ED653325F19EBA00F24102 /* MuteButtonView.swift */; };
		14ED653525F19EBA00F24102 /* MuteButtonView.swift in Sources */ = {isa = PBXBuildFile; fileRef = 14ED653325F19EBA00F24102 /* MuteButtonView.swift */; };
/* End PBXBuildFile section */

/* Begin PBXFileReference section */
		1463374525F20EF3004E85DE /* RecordButtonView.swift */ = {isa = PBXFileReference; lastKnownFileType = sourcecode.swift; path = RecordButtonView.swift; sourceTree = "<group>"; };
		1463374A25F21330004E85DE /* TestView.swift */ = {isa = PBXFileReference; lastKnownFileType = sourcecode.swift; path = TestView.swift; sourceTree = "<group>"; };
		146E580E25F38C9F002EE912 /* ParameterSlider.swift */ = {isa = PBXFileReference; lastKnownFileType = sourcecode.swift; path = ParameterSlider.swift; sourceTree = "<group>"; };
		146E581F25F38E2D002EE912 /* KorgLowPassFilterView.swift */ = {isa = PBXFileReference; lastKnownFileType = sourcecode.swift; path = KorgLowPassFilterView.swift; sourceTree = "<group>"; };
		146E582425F3EB81002EE912 /* FXData.swift */ = {isa = PBXFileReference; lastKnownFileType = sourcecode.swift; path = FXData.swift; sourceTree = "<group>"; };
		146E582925F3ECB9002EE912 /* VariableDelayView.swift */ = {isa = PBXFileReference; lastKnownFileType = sourcecode.swift; path = VariableDelayView.swift; sourceTree = "<group>"; };
		149D698225F0C4EA0034D30C /* Euclidean_SequencerApp.swift */ = {isa = PBXFileReference; lastKnownFileType = sourcecode.swift; path = Euclidean_SequencerApp.swift; sourceTree = "<group>"; };
		149D698325F0C4EA0034D30C /* ContentView.swift */ = {isa = PBXFileReference; lastKnownFileType = sourcecode.swift; path = ContentView.swift; sourceTree = "<group>"; };
		149D698425F0C4EB0034D30C /* Assets.xcassets */ = {isa = PBXFileReference; lastKnownFileType = folder.assetcatalog; path = Assets.xcassets; sourceTree = "<group>"; };
		149D698925F0C4EB0034D30C /* Euclidean Sequencer.app */ = {isa = PBXFileReference; explicitFileType = wrapper.application; includeInIndex = 0; path = "Euclidean Sequencer.app"; sourceTree = BUILT_PRODUCTS_DIR; };
		149D698C25F0C4EB0034D30C /* Info.plist */ = {isa = PBXFileReference; lastKnownFileType = text.plist.xml; path = Info.plist; sourceTree = "<group>"; };
		149D699125F0C4EB0034D30C /* Euclidean Sequencer.app */ = {isa = PBXFileReference; explicitFileType = wrapper.application; includeInIndex = 0; path = "Euclidean Sequencer.app"; sourceTree = BUILT_PRODUCTS_DIR; };
		149D699325F0C4EB0034D30C /* Info.plist */ = {isa = PBXFileReference; lastKnownFileType = text.plist.xml; path = Info.plist; sourceTree = "<group>"; };
		149D699425F0C4EB0034D30C /* macOS.entitlements */ = {isa = PBXFileReference; lastKnownFileType = text.plist.entitlements; path = macOS.entitlements; sourceTree = "<group>"; };
		149D69AF25F0C73D0034D30C /* SequencerData.swift */ = {isa = PBXFileReference; lastKnownFileType = sourcecode.swift; path = SequencerData.swift; sourceTree = "<group>"; };
		149D69B425F0C8160034D30C /* SequencerConductor.swift */ = {isa = PBXFileReference; lastKnownFileType = sourcecode.swift; path = SequencerConductor.swift; sourceTree = "<group>"; };
		149D69C225F0E6040034D30C /* Sample.swift */ = {isa = PBXFileReference; lastKnownFileType = sourcecode.swift; path = Sample.swift; sourceTree = "<group>"; };
		149D69C725F0EECD0034D30C /* MetronomeView.swift */ = {isa = PBXFileReference; lastKnownFileType = sourcecode.swift; path = MetronomeView.swift; sourceTree = "<group>"; };
		149D69CC25F0EF5E0034D30C /* PlayButtonView.swift */ = {isa = PBXFileReference; lastKnownFileType = sourcecode.swift; path = PlayButtonView.swift; sourceTree = "<group>"; };
		149D69DF25F0F2220034D30C /* SequencerView.swift */ = {isa = PBXFileReference; lastKnownFileType = sourcecode.swift; path = SequencerView.swift; sourceTree = "<group>"; };
		149D69E425F0F23B0034D30C /* MainView.swift */ = {isa = PBXFileReference; lastKnownFileType = sourcecode.swift; path = MainView.swift; sourceTree = "<group>"; };
		149D69E925F0F88B0034D30C /* Samples */ = {isa = PBXFileReference; lastKnownFileType = folder; path = Samples; sourceTree = "<group>"; };
		149D69F025F1028C0034D30C /* PadsView.swift */ = {isa = PBXFileReference; lastKnownFileType = sourcecode.swift; path = PadsView.swift; sourceTree = "<group>"; };
		14B17EB425F6A2E90095CAAA /* CostelloReverbView.swift */ = {isa = PBXFileReference; lastKnownFileType = sourcecode.swift; path = CostelloReverbView.swift; sourceTree = "<group>"; };
		14B17EB925F6AA0D0095CAAA /* ClipperView.swift */ = {isa = PBXFileReference; lastKnownFileType = sourcecode.swift; path = ClipperView.swift; sourceTree = "<group>"; };
		14ED653325F19EBA00F24102 /* MuteButtonView.swift */ = {isa = PBXFileReference; lastKnownFileType = sourcecode.swift; path = MuteButtonView.swift; sourceTree = "<group>"; };
/* End PBXFileReference section */

/* Begin PBXFrameworksBuildPhase section */
		149D698625F0C4EB0034D30C /* Frameworks */ = {
			isa = PBXFrameworksBuildPhase;
			buildActionMask = 2147483647;
			files = (
				149D69A725F0C6120034D30C /* AudioKit in Frameworks */,
				146E581525F38CF8002EE912 /* Sliders in Frameworks */,
			);
			runOnlyForDeploymentPostprocessing = 0;
		};
		149D698E25F0C4EB0034D30C /* Frameworks */ = {
			isa = PBXFrameworksBuildPhase;
			buildActionMask = 2147483647;
			files = (
			);
			runOnlyForDeploymentPostprocessing = 0;
		};
/* End PBXFrameworksBuildPhase section */

/* Begin PBXGroup section */
		1466B88225F37BFD00C9CBBC /* View */ = {
			isa = PBXGroup;
			children = (
				149D698325F0C4EA0034D30C /* ContentView.swift */,
				149D69E425F0F23B0034D30C /* MainView.swift */,
				14B17EC425F6B16D0095CAAA /* Components */,
				14B17EC125F6B1590095CAAA /* Buttons */,
				14B17EBE25F6B1430095CAAA /* Effects */,
				1463374A25F21330004E85DE /* TestView.swift */,
			);
			path = View;
			sourceTree = "<group>";
		};
		1466B88725F37C0B00C9CBBC /* Model */ = {
			isa = PBXGroup;
			children = (
				146E582425F3EB81002EE912 /* FXData.swift */,
				149D69C225F0E6040034D30C /* Sample.swift */,
				149D69AF25F0C73D0034D30C /* SequencerData.swift */,
			);
			path = Model;
			sourceTree = "<group>";
		};
		1466B88A25F37C2100C9CBBC /* ViewModel */ = {
			isa = PBXGroup;
			children = (
				149D69B425F0C8160034D30C /* SequencerConductor.swift */,
				146E580E25F38C9F002EE912 /* ParameterSlider.swift */,
			);
			path = ViewModel;
			sourceTree = "<group>";
		};
		149D697C25F0C4EA0034D30C = {
			isa = PBXGroup;
			children = (
				149D698125F0C4EA0034D30C /* Shared */,
				149D698B25F0C4EB0034D30C /* iOS */,
				149D699225F0C4EB0034D30C /* macOS */,
				149D698A25F0C4EB0034D30C /* Products */,
			);
			sourceTree = "<group>";
		};
		149D698125F0C4EA0034D30C /* Shared */ = {
			isa = PBXGroup;
			children = (
				149D69E925F0F88B0034D30C /* Samples */,
				149D698225F0C4EA0034D30C /* Euclidean_SequencerApp.swift */,
				1466B88725F37C0B00C9CBBC /* Model */,
				1466B88A25F37C2100C9CBBC /* ViewModel */,
				1466B88225F37BFD00C9CBBC /* View */,
				149D698425F0C4EB0034D30C /* Assets.xcassets */,
			);
			path = Shared;
			sourceTree = "<group>";
		};
		149D698A25F0C4EB0034D30C /* Products */ = {
			isa = PBXGroup;
			children = (
				149D698925F0C4EB0034D30C /* Euclidean Sequencer.app */,
				149D699125F0C4EB0034D30C /* Euclidean Sequencer.app */,
			);
			name = Products;
			sourceTree = "<group>";
		};
		149D698B25F0C4EB0034D30C /* iOS */ = {
			isa = PBXGroup;
			children = (
				149D698C25F0C4EB0034D30C /* Info.plist */,
			);
			path = iOS;
			sourceTree = "<group>";
		};
		149D699225F0C4EB0034D30C /* macOS */ = {
			isa = PBXGroup;
			children = (
				149D699325F0C4EB0034D30C /* Info.plist */,
				149D699425F0C4EB0034D30C /* macOS.entitlements */,
			);
			path = macOS;
			sourceTree = "<group>";
		};
		14B17EBE25F6B1430095CAAA /* Effects */ = {
			isa = PBXGroup;
			children = (
				146E581F25F38E2D002EE912 /* KorgLowPassFilterView.swift */,
				146E582925F3ECB9002EE912 /* VariableDelayView.swift */,
				14B17EB925F6AA0D0095CAAA /* ClipperView.swift */,
				14B17EB425F6A2E90095CAAA /* CostelloReverbView.swift */,
			);
			path = Effects;
			sourceTree = "<group>";
		};
		14B17EC125F6B1590095CAAA /* Buttons */ = {
			isa = PBXGroup;
			children = (
				14ED653325F19EBA00F24102 /* MuteButtonView.swift */,
				149D69CC25F0EF5E0034D30C /* PlayButtonView.swift */,
				1463374525F20EF3004E85DE /* RecordButtonView.swift */,
			);
			path = Buttons;
			sourceTree = "<group>";
		};
		14B17EC425F6B16D0095CAAA /* Components */ = {
			isa = PBXGroup;
			children = (
				149D69C725F0EECD0034D30C /* MetronomeView.swift */,
				149D69DF25F0F2220034D30C /* SequencerView.swift */,
				149D69F025F1028C0034D30C /* PadsView.swift */,
			);
			path = Components;
			sourceTree = "<group>";
		};
/* End PBXGroup section */

/* Begin PBXNativeTarget section */
		149D698825F0C4EB0034D30C /* Euclidean Sequencer (iOS) */ = {
			isa = PBXNativeTarget;
			buildConfigurationList = 149D699D25F0C4EB0034D30C /* Build configuration list for PBXNativeTarget "Euclidean Sequencer (iOS)" */;
			buildPhases = (
				149D698525F0C4EB0034D30C /* Sources */,
				149D698625F0C4EB0034D30C /* Frameworks */,
				149D698725F0C4EB0034D30C /* Resources */,
			);
			buildRules = (
			);
			dependencies = (
			);
			name = "Euclidean Sequencer (iOS)";
			packageProductDependencies = (
				149D69A625F0C6120034D30C /* AudioKit */,
				146E581425F38CF8002EE912 /* Sliders */,
			);
			productName = "Euclidean Sequencer (iOS)";
			productReference = 149D698925F0C4EB0034D30C /* Euclidean Sequencer.app */;
			productType = "com.apple.product-type.application";
		};
		149D699025F0C4EB0034D30C /* Euclidean Sequencer (macOS) */ = {
			isa = PBXNativeTarget;
			buildConfigurationList = 149D69A025F0C4EB0034D30C /* Build configuration list for PBXNativeTarget "Euclidean Sequencer (macOS)" */;
			buildPhases = (
				149D698D25F0C4EB0034D30C /* Sources */,
				149D698E25F0C4EB0034D30C /* Frameworks */,
				149D698F25F0C4EB0034D30C /* Resources */,
			);
			buildRules = (
			);
			dependencies = (
			);
			name = "Euclidean Sequencer (macOS)";
			productName = "Euclidean Sequencer (macOS)";
			productReference = 149D699125F0C4EB0034D30C /* Euclidean Sequencer.app */;
			productType = "com.apple.product-type.application";
		};
/* End PBXNativeTarget section */

/* Begin PBXProject section */
		149D697D25F0C4EA0034D30C /* Project object */ = {
			isa = PBXProject;
			attributes = {
				LastSwiftUpdateCheck = 1230;
				LastUpgradeCheck = 1230;
				TargetAttributes = {
					149D698825F0C4EB0034D30C = {
						CreatedOnToolsVersion = 12.3;
					};
					149D699025F0C4EB0034D30C = {
						CreatedOnToolsVersion = 12.3;
					};
				};
			};
			buildConfigurationList = 149D698025F0C4EA0034D30C /* Build configuration list for PBXProject "Euclidean Sequencer" */;
			compatibilityVersion = "Xcode 9.3";
			developmentRegion = en;
			hasScannedForEncodings = 0;
			knownRegions = (
				en,
				Base,
			);
			mainGroup = 149D697C25F0C4EA0034D30C;
			packageReferences = (
				149D69A525F0C6120034D30C /* XCRemoteSwiftPackageReference "AudioKit" */,
				146E581325F38CF8002EE912 /* XCRemoteSwiftPackageReference "swiftui-sliders" */,
			);
			productRefGroup = 149D698A25F0C4EB0034D30C /* Products */;
			projectDirPath = "";
			projectRoot = "";
			targets = (
				149D698825F0C4EB0034D30C /* Euclidean Sequencer (iOS) */,
				149D699025F0C4EB0034D30C /* Euclidean Sequencer (macOS) */,
			);
		};
/* End PBXProject section */

/* Begin PBXResourcesBuildPhase section */
		149D698725F0C4EB0034D30C /* Resources */ = {
			isa = PBXResourcesBuildPhase;
			buildActionMask = 2147483647;
			files = (
				149D69EA25F0F88B0034D30C /* Samples in Resources */,
				149D699925F0C4EB0034D30C /* Assets.xcassets in Resources */,
			);
			runOnlyForDeploymentPostprocessing = 0;
		};
		149D698F25F0C4EB0034D30C /* Resources */ = {
			isa = PBXResourcesBuildPhase;
			buildActionMask = 2147483647;
			files = (
				149D69EB25F0F88B0034D30C /* Samples in Resources */,
				149D699A25F0C4EB0034D30C /* Assets.xcassets in Resources */,
			);
			runOnlyForDeploymentPostprocessing = 0;
		};
/* End PBXResourcesBuildPhase section */

/* Begin PBXSourcesBuildPhase section */
		149D698525F0C4EB0034D30C /* Sources */ = {
			isa = PBXSourcesBuildPhase;
			buildActionMask = 2147483647;
			files = (
				1463374B25F21330004E85DE /* TestView.swift in Sources */,
				149D69C325F0E6040034D30C /* Sample.swift in Sources */,
				14B17EB525F6A2E90095CAAA /* CostelloReverbView.swift in Sources */,
				14ED653425F19EBA00F24102 /* MuteButtonView.swift in Sources */,
				149D69E525F0F23B0034D30C /* MainView.swift in Sources */,
				146E580F25F38C9F002EE912 /* ParameterSlider.swift in Sources */,
				14B17EBA25F6AA0D0095CAAA /* ClipperView.swift in Sources */,
				149D69F125F1028C0034D30C /* PadsView.swift in Sources */,
				149D699725F0C4EB0034D30C /* ContentView.swift in Sources */,
				149D699525F0C4EB0034D30C /* Euclidean_SequencerApp.swift in Sources */,
				146E582025F38E2D002EE912 /* KorgLowPassFilterView.swift in Sources */,
				149D69C825F0EECD0034D30C /* MetronomeView.swift in Sources */,
				149D69E025F0F2220034D30C /* SequencerView.swift in Sources */,
				149D69B525F0C8160034D30C /* SequencerConductor.swift in Sources */,
				149D69CD25F0EF5E0034D30C /* PlayButtonView.swift in Sources */,
				1463374625F20EF3004E85DE /* RecordButtonView.swift in Sources */,
				146E582A25F3ECB9002EE912 /* VariableDelayView.swift in Sources */,
				149D69B025F0C73D0034D30C /* SequencerData.swift in Sources */,
				146E582525F3EB82002EE912 /* FXData.swift in Sources */,
			);
			runOnlyForDeploymentPostprocessing = 0;
		};
		149D698D25F0C4EB0034D30C /* Sources */ = {
			isa = PBXSourcesBuildPhase;
			buildActionMask = 2147483647;
			files = (
				1463374C25F21330004E85DE /* TestView.swift in Sources */,
				149D69C425F0E6040034D30C /* Sample.swift in Sources */,
				14B17EB625F6A2E90095CAAA /* CostelloReverbView.swift in Sources */,
				14ED653525F19EBA00F24102 /* MuteButtonView.swift in Sources */,
				149D69E625F0F23B0034D30C /* MainView.swift in Sources */,
				146E581025F38C9F002EE912 /* ParameterSlider.swift in Sources */,
				14B17EBB25F6AA0D0095CAAA /* ClipperView.swift in Sources */,
				149D69F225F1028C0034D30C /* PadsView.swift in Sources */,
				149D699825F0C4EB0034D30C /* ContentView.swift in Sources */,
				149D699625F0C4EB0034D30C /* Euclidean_SequencerApp.swift in Sources */,
				146E582125F38E2D002EE912 /* KorgLowPassFilterView.swift in Sources */,
				149D69C925F0EECD0034D30C /* MetronomeView.swift in Sources */,
				149D69E125F0F2220034D30C /* SequencerView.swift in Sources */,
				149D69B625F0C8160034D30C /* SequencerConductor.swift in Sources */,
				149D69CE25F0EF5E0034D30C /* PlayButtonView.swift in Sources */,
				1463374725F20EF3004E85DE /* RecordButtonView.swift in Sources */,
				146E582B25F3ECB9002EE912 /* VariableDelayView.swift in Sources */,
				149D69B125F0C73D0034D30C /* SequencerData.swift in Sources */,
				146E582625F3EB82002EE912 /* FXData.swift in Sources */,
			);
			runOnlyForDeploymentPostprocessing = 0;
		};
/* End PBXSourcesBuildPhase section */

/* Begin XCBuildConfiguration section */
		149D699B25F0C4EB0034D30C /* Debug */ = {
			isa = XCBuildConfiguration;
			buildSettings = {
				ALWAYS_SEARCH_USER_PATHS = NO;
				CLANG_ANALYZER_NONNULL = YES;
				CLANG_ANALYZER_NUMBER_OBJECT_CONVERSION = YES_AGGRESSIVE;
				CLANG_CXX_LANGUAGE_STANDARD = "gnu++14";
				CLANG_CXX_LIBRARY = "libc++";
				CLANG_ENABLE_MODULES = YES;
				CLANG_ENABLE_OBJC_ARC = YES;
				CLANG_ENABLE_OBJC_WEAK = YES;
				CLANG_WARN_BLOCK_CAPTURE_AUTORELEASING = YES;
				CLANG_WARN_BOOL_CONVERSION = YES;
				CLANG_WARN_COMMA = YES;
				CLANG_WARN_CONSTANT_CONVERSION = YES;
				CLANG_WARN_DEPRECATED_OBJC_IMPLEMENTATIONS = YES;
				CLANG_WARN_DIRECT_OBJC_ISA_USAGE = YES_ERROR;
				CLANG_WARN_DOCUMENTATION_COMMENTS = YES;
				CLANG_WARN_EMPTY_BODY = YES;
				CLANG_WARN_ENUM_CONVERSION = YES;
				CLANG_WARN_INFINITE_RECURSION = YES;
				CLANG_WARN_INT_CONVERSION = YES;
				CLANG_WARN_NON_LITERAL_NULL_CONVERSION = YES;
				CLANG_WARN_OBJC_IMPLICIT_RETAIN_SELF = YES;
				CLANG_WARN_OBJC_LITERAL_CONVERSION = YES;
				CLANG_WARN_OBJC_ROOT_CLASS = YES_ERROR;
				CLANG_WARN_QUOTED_INCLUDE_IN_FRAMEWORK_HEADER = YES;
				CLANG_WARN_RANGE_LOOP_ANALYSIS = YES;
				CLANG_WARN_STRICT_PROTOTYPES = YES;
				CLANG_WARN_SUSPICIOUS_MOVE = YES;
				CLANG_WARN_UNGUARDED_AVAILABILITY = YES_AGGRESSIVE;
				CLANG_WARN_UNREACHABLE_CODE = YES;
				CLANG_WARN__DUPLICATE_METHOD_MATCH = YES;
				COPY_PHASE_STRIP = NO;
				DEBUG_INFORMATION_FORMAT = dwarf;
				ENABLE_STRICT_OBJC_MSGSEND = YES;
				ENABLE_TESTABILITY = YES;
				GCC_C_LANGUAGE_STANDARD = gnu11;
				GCC_DYNAMIC_NO_PIC = NO;
				GCC_NO_COMMON_BLOCKS = YES;
				GCC_OPTIMIZATION_LEVEL = 0;
				GCC_PREPROCESSOR_DEFINITIONS = (
					"DEBUG=1",
					"$(inherited)",
				);
				GCC_WARN_64_TO_32_BIT_CONVERSION = YES;
				GCC_WARN_ABOUT_RETURN_TYPE = YES_ERROR;
				GCC_WARN_UNDECLARED_SELECTOR = YES;
				GCC_WARN_UNINITIALIZED_AUTOS = YES_AGGRESSIVE;
				GCC_WARN_UNUSED_FUNCTION = YES;
				GCC_WARN_UNUSED_VARIABLE = YES;
				MTL_ENABLE_DEBUG_INFO = INCLUDE_SOURCE;
				MTL_FAST_MATH = YES;
				ONLY_ACTIVE_ARCH = YES;
				SWIFT_ACTIVE_COMPILATION_CONDITIONS = DEBUG;
				SWIFT_OPTIMIZATION_LEVEL = "-Onone";
			};
			name = Debug;
		};
		149D699C25F0C4EB0034D30C /* Release */ = {
			isa = XCBuildConfiguration;
			buildSettings = {
				ALWAYS_SEARCH_USER_PATHS = NO;
				CLANG_ANALYZER_NONNULL = YES;
				CLANG_ANALYZER_NUMBER_OBJECT_CONVERSION = YES_AGGRESSIVE;
				CLANG_CXX_LANGUAGE_STANDARD = "gnu++14";
				CLANG_CXX_LIBRARY = "libc++";
				CLANG_ENABLE_MODULES = YES;
				CLANG_ENABLE_OBJC_ARC = YES;
				CLANG_ENABLE_OBJC_WEAK = YES;
				CLANG_WARN_BLOCK_CAPTURE_AUTORELEASING = YES;
				CLANG_WARN_BOOL_CONVERSION = YES;
				CLANG_WARN_COMMA = YES;
				CLANG_WARN_CONSTANT_CONVERSION = YES;
				CLANG_WARN_DEPRECATED_OBJC_IMPLEMENTATIONS = YES;
				CLANG_WARN_DIRECT_OBJC_ISA_USAGE = YES_ERROR;
				CLANG_WARN_DOCUMENTATION_COMMENTS = YES;
				CLANG_WARN_EMPTY_BODY = YES;
				CLANG_WARN_ENUM_CONVERSION = YES;
				CLANG_WARN_INFINITE_RECURSION = YES;
				CLANG_WARN_INT_CONVERSION = YES;
				CLANG_WARN_NON_LITERAL_NULL_CONVERSION = YES;
				CLANG_WARN_OBJC_IMPLICIT_RETAIN_SELF = YES;
				CLANG_WARN_OBJC_LITERAL_CONVERSION = YES;
				CLANG_WARN_OBJC_ROOT_CLASS = YES_ERROR;
				CLANG_WARN_QUOTED_INCLUDE_IN_FRAMEWORK_HEADER = YES;
				CLANG_WARN_RANGE_LOOP_ANALYSIS = YES;
				CLANG_WARN_STRICT_PROTOTYPES = YES;
				CLANG_WARN_SUSPICIOUS_MOVE = YES;
				CLANG_WARN_UNGUARDED_AVAILABILITY = YES_AGGRESSIVE;
				CLANG_WARN_UNREACHABLE_CODE = YES;
				CLANG_WARN__DUPLICATE_METHOD_MATCH = YES;
				COPY_PHASE_STRIP = NO;
				DEBUG_INFORMATION_FORMAT = "dwarf-with-dsym";
				ENABLE_NS_ASSERTIONS = NO;
				ENABLE_STRICT_OBJC_MSGSEND = YES;
				GCC_C_LANGUAGE_STANDARD = gnu11;
				GCC_NO_COMMON_BLOCKS = YES;
				GCC_WARN_64_TO_32_BIT_CONVERSION = YES;
				GCC_WARN_ABOUT_RETURN_TYPE = YES_ERROR;
				GCC_WARN_UNDECLARED_SELECTOR = YES;
				GCC_WARN_UNINITIALIZED_AUTOS = YES_AGGRESSIVE;
				GCC_WARN_UNUSED_FUNCTION = YES;
				GCC_WARN_UNUSED_VARIABLE = YES;
				MTL_ENABLE_DEBUG_INFO = NO;
				MTL_FAST_MATH = YES;
				SWIFT_COMPILATION_MODE = wholemodule;
				SWIFT_OPTIMIZATION_LEVEL = "-O";
			};
			name = Release;
		};
		149D699E25F0C4EB0034D30C /* Debug */ = {
			isa = XCBuildConfiguration;
			buildSettings = {
				ASSETCATALOG_COMPILER_APPICON_NAME = AppIcon;
				ASSETCATALOG_COMPILER_GLOBAL_ACCENT_COLOR_NAME = AccentColor;
				CODE_SIGN_STYLE = Automatic;
				DEVELOPMENT_TEAM = TP4YA6Q6DH;
				ENABLE_PREVIEWS = YES;
				INFOPLIST_FILE = iOS/Info.plist;
				IPHONEOS_DEPLOYMENT_TARGET = 14.0;
				LD_RUNPATH_SEARCH_PATHS = (
					"$(inherited)",
					"@executable_path/Frameworks",
				);
				PRODUCT_BUNDLE_IDENTIFIER = "com.joakimhellgren.Euclidean-Sequencer";
				PRODUCT_NAME = "Euclidean Sequencer";
				SDKROOT = iphoneos;
				SWIFT_VERSION = 5.0;
				TARGETED_DEVICE_FAMILY = "1,2";
			};
			name = Debug;
		};
		149D699F25F0C4EB0034D30C /* Release */ = {
			isa = XCBuildConfiguration;
			buildSettings = {
				ASSETCATALOG_COMPILER_APPICON_NAME = AppIcon;
				ASSETCATALOG_COMPILER_GLOBAL_ACCENT_COLOR_NAME = AccentColor;
				CODE_SIGN_STYLE = Automatic;
				DEVELOPMENT_TEAM = TP4YA6Q6DH;
				ENABLE_PREVIEWS = YES;
				INFOPLIST_FILE = iOS/Info.plist;
				IPHONEOS_DEPLOYMENT_TARGET = 14.0;
				LD_RUNPATH_SEARCH_PATHS = (
					"$(inherited)",
					"@executable_path/Frameworks",
				);
				PRODUCT_BUNDLE_IDENTIFIER = "com.joakimhellgren.Euclidean-Sequencer";
				PRODUCT_NAME = "Euclidean Sequencer";
				SDKROOT = iphoneos;
				SWIFT_VERSION = 5.0;
				TARGETED_DEVICE_FAMILY = "1,2";
				VALIDATE_PRODUCT = YES;
			};
			name = Release;
		};
		149D69A125F0C4EB0034D30C /* Debug */ = {
			isa = XCBuildConfiguration;
			buildSettings = {
				ASSETCATALOG_COMPILER_APPICON_NAME = AppIcon;
				ASSETCATALOG_COMPILER_GLOBAL_ACCENT_COLOR_NAME = AccentColor;
				CODE_SIGN_ENTITLEMENTS = macOS/macOS.entitlements;
				CODE_SIGN_STYLE = Automatic;
				COMBINE_HIDPI_IMAGES = YES;
				DEVELOPMENT_TEAM = TP4YA6Q6DH;
				ENABLE_HARDENED_RUNTIME = YES;
				ENABLE_PREVIEWS = YES;
				INFOPLIST_FILE = macOS/Info.plist;
				LD_RUNPATH_SEARCH_PATHS = (
					"$(inherited)",
					"@executable_path/../Frameworks",
				);
				MACOSX_DEPLOYMENT_TARGET = 11.0;
				PRODUCT_BUNDLE_IDENTIFIER = "com.joakimhellgren.Euclidean-Sequencer";
				PRODUCT_NAME = "Euclidean Sequencer";
				SDKROOT = macosx;
				SWIFT_VERSION = 5.0;
			};
			name = Debug;
		};
		149D69A225F0C4EB0034D30C /* Release */ = {
			isa = XCBuildConfiguration;
			buildSettings = {
				ASSETCATALOG_COMPILER_APPICON_NAME = AppIcon;
				ASSETCATALOG_COMPILER_GLOBAL_ACCENT_COLOR_NAME = AccentColor;
				CODE_SIGN_ENTITLEMENTS = macOS/macOS.entitlements;
				CODE_SIGN_STYLE = Automatic;
				COMBINE_HIDPI_IMAGES = YES;
				DEVELOPMENT_TEAM = TP4YA6Q6DH;
				ENABLE_HARDENED_RUNTIME = YES;
				ENABLE_PREVIEWS = YES;
				INFOPLIST_FILE = macOS/Info.plist;
				LD_RUNPATH_SEARCH_PATHS = (
					"$(inherited)",
					"@executable_path/../Frameworks",
				);
				MACOSX_DEPLOYMENT_TARGET = 11.0;
				PRODUCT_BUNDLE_IDENTIFIER = "com.joakimhellgren.Euclidean-Sequencer";
				PRODUCT_NAME = "Euclidean Sequencer";
				SDKROOT = macosx;
				SWIFT_VERSION = 5.0;
			};
			name = Release;
		};
/* End XCBuildConfiguration section */

/* Begin XCConfigurationList section */
		149D698025F0C4EA0034D30C /* Build configuration list for PBXProject "Euclidean Sequencer" */ = {
			isa = XCConfigurationList;
			buildConfigurations = (
				149D699B25F0C4EB0034D30C /* Debug */,
				149D699C25F0C4EB0034D30C /* Release */,
			);
			defaultConfigurationIsVisible = 0;
			defaultConfigurationName = Release;
		};
		149D699D25F0C4EB0034D30C /* Build configuration list for PBXNativeTarget "Euclidean Sequencer (iOS)" */ = {
			isa = XCConfigurationList;
			buildConfigurations = (
				149D699E25F0C4EB0034D30C /* Debug */,
				149D699F25F0C4EB0034D30C /* Release */,
			);
			defaultConfigurationIsVisible = 0;
			defaultConfigurationName = Release;
		};
		149D69A025F0C4EB0034D30C /* Build configuration list for PBXNativeTarget "Euclidean Sequencer (macOS)" */ = {
			isa = XCConfigurationList;
			buildConfigurations = (
				149D69A125F0C4EB0034D30C /* Debug */,
				149D69A225F0C4EB0034D30C /* Release */,
			);
			defaultConfigurationIsVisible = 0;
			defaultConfigurationName = Release;
		};
/* End XCConfigurationList section */

/* Begin XCRemoteSwiftPackageReference section */
		146E581325F38CF8002EE912 /* XCRemoteSwiftPackageReference "swiftui-sliders" */ = {
			isa = XCRemoteSwiftPackageReference;
			repositoryURL = "https://github.com/spacenation/swiftui-sliders.git";
			requirement = {
				branch = master;
				kind = branch;
			};
		};
		149D69A525F0C6120034D30C /* XCRemoteSwiftPackageReference "AudioKit" */ = {
			isa = XCRemoteSwiftPackageReference;
			repositoryURL = "https://github.com/AudioKit/AudioKit";
			requirement = {
				branch = "v5-main";
				kind = branch;
			};
		};
/* End XCRemoteSwiftPackageReference section */

/* Begin XCSwiftPackageProductDependency section */
		146E581425F38CF8002EE912 /* Sliders */ = {
			isa = XCSwiftPackageProductDependency;
			package = 146E581325F38CF8002EE912 /* XCRemoteSwiftPackageReference "swiftui-sliders" */;
			productName = Sliders;
		};
		149D69A625F0C6120034D30C /* AudioKit */ = {
			isa = XCSwiftPackageProductDependency;
			package = 149D69A525F0C6120034D30C /* XCRemoteSwiftPackageReference "AudioKit" */;
			productName = AudioKit;
		};
/* End XCSwiftPackageProductDependency section */
	};
	rootObject = 149D697D25F0C4EA0034D30C /* Project object */;
}
